{
	"name": "@micrio/cli",
	"version": "1.3.6",
	"lockfileVersion": 3,
	"requires": true,
	"packages": {
		"": {
			"name": "@micrio/cli",
			"version": "1.3.6",
			"license": "MIT",
			"dependencies": {
				"@micrio/tiler-base": "^0.1.19",
				"commander": "^11.1.0",
				"conf": "^12.0.0",
				"typescript": "^5.3.3"
			},
			"bin": {
				"micrio": "dist/index.js"
			},
			"devDependencies": {
				"@types/node": "^20.10.5"
			},
			"engines": {
				"node": ">=18.17.0"
			}
		},
		"../base": {
			"name": "@micrio/tiler-base",
			"version": "0.1.19",
			"license": "MIT",
			"dependencies": {
				"pdf-to-img": "^4.4.0",
				"sharp": "^0.33.2"
			},
			"devDependencies": {
				"@types/node": "^20.10.5",
				"typescript": "^5.3.3"
			},
			"engines": {
				"node": ">=18.17.0"
			}
		},
		"node_modules/@micrio/tiler-base": {
			"resolved": "../base",
			"link": true
		},
		"node_modules/@types/node": {
			"version": "20.19.11",
			"resolved": "https://registry.npmjs.org/@types/node/-/node-20.19.11.tgz",
			"integrity": "sha512-uug3FEEGv0r+jrecvUUpbY8lLisvIjg6AAic6a2bSP5OEOLeJsDSnvhCDov7ipFFMXS3orMpzlmi0ZcuGkBbow==",
			"dev": true,
			"license": "MIT",
			"dependencies": {
				"undici-types": "~6.21.0"
			}
		},
		"node_modules/ajv": {
			"version": "8.17.1",
			"resolved": "https://registry.npmjs.org/ajv/-/ajv-8.17.1.tgz",
			"integrity": "sha512-B/gBuNg5SiMTrPkC+A2+cW0RszwxYmn6VYxB/inlBStS5nx6xHIt/ehKRhIMhqusl7a8LjQoZnjCs5vhwxOQ1g==",
			"license": "MIT",
			"dependencies": {
				"fast-deep-equal": "^3.1.3",
				"fast-uri": "^3.0.1",
				"json-schema-traverse": "^1.0.0",
				"require-from-string": "^2.0.2"
			},
			"funding": {
				"type": "github",
				"url": "https://github.com/sponsors/epoberezkin"
			}
		},
		"node_modules/ajv-formats": {
			"version": "2.1.1",
			"resolved": "https://registry.npmjs.org/ajv-formats/-/ajv-formats-2.1.1.tgz",
			"integrity": "sha512-Wx0Kx52hxE7C18hkMEggYlEifqWZtYaRgouJor+WMdPnQyEK13vgEWyVNup7SoeeoLMsr4kf5h6dOW11I15MUA==",
			"license": "MIT",
			"dependencies": {
				"ajv": "^8.0.0"
			},
			"peerDependencies": {
				"ajv": "^8.0.0"
			},
			"peerDependenciesMeta": {
				"ajv": {
					"optional": true
				}
			}
		},
		"node_modules/atomically": {
			"version": "2.0.3",
			"resolved": "https://registry.npmjs.org/atomically/-/atomically-2.0.3.tgz",
			"integrity": "sha512-kU6FmrwZ3Lx7/7y3hPS5QnbJfaohcIul5fGqf7ok+4KklIEk9tJ0C2IQPdacSbVUWv6zVHXEBWoWd6NrVMT7Cw==",
			"dependencies": {
				"stubborn-fs": "^1.2.5",
				"when-exit": "^2.1.1"
			}
		},
		"node_modules/commander": {
			"version": "11.1.0",
			"resolved": "https://registry.npmjs.org/commander/-/commander-11.1.0.tgz",
			"integrity": "sha512-yPVavfyCcRhmorC7rWlkHn15b4wDVgVmBA7kV4QVBsF7kv/9TKJAbAXVTxvTnwP8HHKjRCJDClKbciiYS7p0DQ==",
			"license": "MIT",
			"engines": {
				"node": ">=16"
			}
		},
		"node_modules/conf": {
			"version": "12.0.0",
			"resolved": "https://registry.npmjs.org/conf/-/conf-12.0.0.tgz",
			"integrity": "sha512-fIWyWUXrJ45cHCIQX+Ck1hrZDIf/9DR0P0Zewn3uNht28hbt5OfGUq8rRWsxi96pZWPyBEd0eY9ama01JTaknA==",
			"license": "MIT",
			"dependencies": {
				"ajv": "^8.12.0",
				"ajv-formats": "^2.1.1",
				"atomically": "^2.0.2",
				"debounce-fn": "^5.1.2",
				"dot-prop": "^8.0.2",
				"env-paths": "^3.0.0",
				"json-schema-typed": "^8.0.1",
				"semver": "^7.5.4",
				"uint8array-extras": "^0.3.0"
			},
			"engines": {
				"node": ">=18"
			},
			"funding": {
				"url": "https://github.com/sponsors/sindresorhus"
			}
		},
		"node_modules/debounce-fn": {
			"version": "5.1.2",
			"resolved": "https://registry.npmjs.org/debounce-fn/-/debounce-fn-5.1.2.tgz",
			"integrity": "sha512-Sr4SdOZ4vw6eQDvPYNxHogvrxmCIld/VenC5JbNrFwMiwd7lY/Z18ZFfo+EWNG4DD9nFlAujWAo/wGuOPHmy5A==",
			"license": "MIT",
			"dependencies": {
				"mimic-fn": "^4.0.0"
			},
			"engines": {
				"node": ">=12"
			},
			"funding": {
				"url": "https://github.com/sponsors/sindresorhus"
			}
		},
		"node_modules/dot-prop": {
			"version": "8.0.2",
			"resolved": "https://registry.npmjs.org/dot-prop/-/dot-prop-8.0.2.tgz",
			"integrity": "sha512-xaBe6ZT4DHPkg0k4Ytbvn5xoxgpG0jOS1dYxSOwAHPuNLjP3/OzN0gH55SrLqpx8cBfSaVt91lXYkApjb+nYdQ==",
			"license": "MIT",
			"dependencies": {
				"type-fest": "^3.8.0"
			},
			"engines": {
				"node": ">=16"
			},
			"funding": {
				"url": "https://github.com/sponsors/sindresorhus"
			}
		},
		"node_modules/env-paths": {
			"version": "3.0.0",
			"resolved": "https://registry.npmjs.org/env-paths/-/env-paths-3.0.0.tgz",
			"integrity": "sha512-dtJUTepzMW3Lm/NPxRf3wP4642UWhjL2sQxc+ym2YMj1m/H2zDNQOlezafzkHwn6sMstjHTwG6iQQsctDW/b1A==",
			"license": "MIT",
			"engines": {
				"node": "^12.20.0 || ^14.13.1 || >=16.0.0"
			},
			"funding": {
				"url": "https://github.com/sponsors/sindresorhus"
			}
		},
		"node_modules/fast-deep-equal": {
			"version": "3.1.3",
			"resolved": "https://registry.npmjs.org/fast-deep-equal/-/fast-deep-equal-3.1.3.tgz",
			"integrity": "sha512-f3qQ9oQy9j2AhBe/H9VC91wLmKBCCU/gDOnKNAYG5hswO7BLKj09Hc5HYNz9cGI++xlpDCIgDaitVs03ATR84Q==",
			"license": "MIT"
		},
		"node_modules/fast-uri": {
			"version": "3.1.0",
			"resolved": "https://registry.npmjs.org/fast-uri/-/fast-uri-3.1.0.tgz",
			"integrity": "sha512-iPeeDKJSWf4IEOasVVrknXpaBV0IApz/gp7S2bb7Z4Lljbl2MGJRqInZiUrQwV16cpzw/D3S5j5Julj/gT52AA==",
			"funding": [
				{
					"type": "github",
					"url": "https://github.com/sponsors/fastify"
				},
				{
					"type": "opencollective",
					"url": "https://opencollective.com/fastify"
				}
			],
			"license": "BSD-3-Clause"
		},
		"node_modules/json-schema-traverse": {
			"version": "1.0.0",
			"resolved": "https://registry.npmjs.org/json-schema-traverse/-/json-schema-traverse-1.0.0.tgz",
			"integrity": "sha512-NM8/P9n3XjXhIZn1lLhkFaACTOURQXjWhV4BA/RnOv8xvgqtqpAX9IO4mRQxSx1Rlo4tqzeqb0sOlruaOy3dug==",
			"license": "MIT"
		},
		"node_modules/json-schema-typed": {
			"version": "8.0.1",
			"resolved": "https://registry.npmjs.org/json-schema-typed/-/json-schema-typed-8.0.1.tgz",
			"integrity": "sha512-XQmWYj2Sm4kn4WeTYvmpKEbyPsL7nBsb647c7pMe6l02/yx2+Jfc4dT6UZkEXnIUb5LhD55r2HPsJ1milQ4rDg==",
			"license": "BSD-2-Clause"
		},
		"node_modules/mimic-fn": {
			"version": "4.0.0",
			"resolved": "https://registry.npmjs.org/mimic-fn/-/mimic-fn-4.0.0.tgz",
			"integrity": "sha512-vqiC06CuhBTUdZH+RYl8sFrL096vA45Ok5ISO6sE/Mr1jRbGH4Csnhi8f3wKVl7x8mO4Au7Ir9D3Oyv1VYMFJw==",
			"license": "MIT",
			"engines": {
				"node": ">=12"
			},
			"funding": {
				"url": "https://github.com/sponsors/sindresorhus"
			}
		},
		"node_modules/require-from-string": {
			"version": "2.0.2",
			"resolved": "https://registry.npmjs.org/require-from-string/-/require-from-string-2.0.2.tgz",
			"integrity": "sha512-Xf0nWe6RseziFMu+Ap9biiUbmplq6S9/p+7w7YXP/JBHhrUDDUhwa+vANyubuqfZWTveU//DYVGsDG7RKL/vEw==",
			"license": "MIT",
			"engines": {
				"node": ">=0.10.0"
			}
		},
		"node_modules/semver": {
			"version": "7.7.2",
			"resolved": "https://registry.npmjs.org/semver/-/semver-7.7.2.tgz",
			"integrity": "sha512-RF0Fw+rO5AMf9MAyaRXI4AV0Ulj5lMHqVxxdSgiVbixSCXoEmmX/jk0CuJw4+3SqroYO9VoUh+HcuJivvtJemA==",
			"license": "ISC",
			"bin": {
				"semver": "bin/semver.js"
			},
			"engines": {
				"node": ">=10"
			}
		},
		"node_modules/stubborn-fs": {
			"version": "1.2.5",
			"resolved": "https://registry.npmjs.org/stubborn-fs/-/stubborn-fs-1.2.5.tgz",
			"integrity": "sha512-H2N9c26eXjzL/S/K+i/RHHcFanE74dptvvjM8iwzwbVcWY/zjBbgRqF3K0DY4+OD+uTTASTBvDoxPDaPN02D7g=="
		},
		"node_modules/type-fest": {
			"version": "3.13.1",
			"resolved": "https://registry.npmjs.org/type-fest/-/type-fest-3.13.1.tgz",
			"integrity": "sha512-tLq3bSNx+xSpwvAJnzrK0Ep5CLNWjvFTOp71URMaAEWBfRb9nnJiBoUe0tF8bI4ZFO3omgBR6NvnbzVUT3Ly4g==",
			"license": "(MIT OR CC0-1.0)",
			"engines": {
				"node": ">=14.16"
			},
			"funding": {
				"url": "https://github.com/sponsors/sindresorhus"
			}
		},
		"node_modules/typescript": {
			"version": "5.9.2",
			"resolved": "https://registry.npmjs.org/typescript/-/typescript-5.9.2.tgz",
			"integrity": "sha512-CWBzXQrc/qOkhidw1OzBTQuYRbfyxDXJMVJ1XNwUHGROVmuaeiEm3OslpZ1RV96d7SKKjZKrSJu3+t/xlw3R9A==",
			"license": "Apache-2.0",
			"bin": {
				"tsc": "bin/tsc",
				"tsserver": "bin/tsserver"
			},
			"engines": {
				"node": ">=14.17"
			}
		},
		"node_modules/uint8array-extras": {
			"version": "0.3.0",
			"resolved": "https://registry.npmjs.org/uint8array-extras/-/uint8array-extras-0.3.0.tgz",
			"integrity": "sha512-erJsJwQ0tKdwuqI0359U8ijkFmfiTcq25JvvzRVc1VP+2son1NJRXhxcAKJmAW3ajM8JSGAfsAXye8g4s+znxA==",
			"license": "MIT",
			"engines": {
				"node": ">=18"
			},
			"funding": {
				"url": "https://github.com/sponsors/sindresorhus"
			}
		},
		"node_modules/undici-types": {
			"version": "6.21.0",
			"resolved": "https://registry.npmjs.org/undici-types/-/undici-types-6.21.0.tgz",
			"integrity": "sha512-iwDZqg0QAGrg9Rav5H4n0M64c3mkR59cJ6wQp+7C4nI0gsmExaedaYLNO44eT4AtBBwjbTiGPMlt2Md0T9H9JQ==",
			"dev": true,
			"license": "MIT"
		},
		"node_modules/when-exit": {
			"version": "2.1.4",
			"resolved": "https://registry.npmjs.org/when-exit/-/when-exit-2.1.4.tgz",
			"integrity": "sha512-4rnvd3A1t16PWzrBUcSDZqcAmsUIy4minDXT/CZ8F2mVDgd65i4Aalimgz1aQkRGU0iH5eT5+6Rx2TK8o443Pg==",
			"license": "MIT"
		}
	}
}
